
Microsoft Visual Studio Solution File, Format Version 12.00
# Visual Studio Version 17
VisualStudioVersion = 17.0.32014.148
MinimumVisualStudioVersion = 10.0.40219.1
Project("{9A19103F-16F7-4668-BE54-9A1E7A4F7556}") = "KJB_Reader", "KJB_Reader\KJB_Reader.csproj", "{0F197440-43CF-49F2-AF09-8013CCBD6A0A}"
EndProject
Project("{9A19103F-16F7-4668-BE54-9A1E7A4F7556}") = "Tests", "Tests\Tests.csproj", "{C40B1380-1FB3-4122-8CEB-9C18DE7A6F9B}"
EndProject
Global
	GlobalSection(SolutionConfigurationPlatforms) = preSolution
		Debug|Any CPU = Debug|Any CPU
		Release|Any CPU = Release|Any CPU
	EndGlobalSection
	GlobalSection(ProjectConfigurationPlatforms) = postSolution
		{0F197440-43CF-49F2-AF09-8013CCBD6A0A}.Debug|Any CPU.ActiveCfg = Debug|Any CPU
		{0F197440-43CF-49F2-AF09-8013CCBD6A0A}.Debug|Any CPU.Build.0 = Debug|Any CPU
		{0F197440-43CF-49F2-AF09-8013CCBD6A0A}.Release|Any CPU.ActiveCfg = Release|Any CPU
		{0F197440-43CF-49F2-AF09-8013CCBD6A0A}.Release|Any CPU.Build.0 = Release|Any CPU
		{C40B1380-1FB3-4122-8CEB-9C18DE7A6F9B}.Debug|Any CPU.ActiveCfg = Debug|Any CPU
		{C40B1380-1FB3-4122-8CEB-9C18DE7A6F9B}.Debug|Any CPU.Build.0 = Debug|Any CPU
		{C40B1380-1FB3-4122-8CEB-9C18DE7A6F9B}.Release|Any CPU.ActiveCfg = Release|Any CPU
		{C40B1380-1FB3-4122-8CEB-9C18DE7A6F9B}.Release|Any CPU.Build.0 = Release|Any CPU
	EndGlobalSection
	GlobalSection(SolutionProperties) = preSolution
		HideSolutionNode = FALSE
	EndGlobalSection
	GlobalSection(ExtensibilityGlobals) = postSolution
		SolutionGuid = {AE429E45-0A67-47A8-B3BE-94CA06460BFF}
	EndGlobalSection
EndGlobal
